github.com/aperturerobotics/controllerbus v0.32.3 h1:iB3BSJGC0S9LOK5jzXOnygFHNkn928+UGb9/fN+6LLI=
github.com/aperturerobotics/controllerbus v0.32.3/go.mod h1:bWNafvzjXfO6KBzU18yA1g+i473zMDeiF3KCmoJRGmE=
github.com/aperturerobotics/controllerbus v0.33.0 h1:yWZxsh79Zn7/Tge6Q+SPWC8NkuZOU2wlKvD8B0j5YUU=
github.com/aperturerobotics/controllerbus v0.33.0/go.mod h1:ttXHL8XRZjChurqo76BrGYh86mjvMDko4L3IUo25P48=
github.com/aperturerobotics/controllerbus v0.34.1 h1:43f1AuEqriQgkRiZatQE3c7avyKCIx2jLtw2jSMU5fQ=
github.com/aperturerobotics/controllerbus v0.34.1/go.mod h1:ElcKAowWCOe4UI8R4hs6o5iPmj9CdpHsgI6joslSxig=
github.com/aperturerobotics/controllerbus v0.34.3 h1:qpXRy21EXDcdePMHwQXh2LJmoh34aQtZ89kMKFkNNqI=
github.com/aperturerobotics/controllerbus v0.34.3/go.mod h1:AvgEkdnh/LA6BvFbCNELEnZaMxYv1JXuTvkg5R1Zzps=
github.com/aperturerobotics/controllerbus v0.36.4 h1:f8R+TSxVbcL83pUn6FoAT6HzGtdU8LUClZZUFOFFmPE=
github.com/aperturerobotics/controllerbus v0.36.4/go.mod h1:aGEwzJXg5wlM5mcR2he8/QIbM/xH8XCYira1Umpbh74=
github.com/aperturerobotics/logrus v1.9.4-0.20240119050608-13332fb58195 h1:uyeD1J23j/kFiCFO7rx+GQA4tCqOEy3IJyMK4f6vamE=
github.com/aperturerobotics/logrus v1.9.4-0.20240119050608-13332fb58195/go.mod h1:naHLuLoDiP4jHNo9R0sCBMtWGeIprob74mVsIT4qYEQ=
github.com/aperturerobotics/protobuf-go v1.32.1-0.20240118233629-6aeee82c476f h1:mnmO0JHfvlE/yK2kiKQ/Q2aYhCETkl6FP07rcmvoBKw=
github.com/aperturerobotics/protobuf-go v1.32.1-0.20240118233629-6aeee82c476f/go.mod h1:c6P6GXX6sHbq/GpV6MGZEdwhWPcYBgnhAHhKbcUYpos=
github.com/aperturerobotics/util v1.13.1 h1:Z9iszxB1c1FvlujVyT8xhXghl8Im2+njMOVIlYMjCYM=
github.com/aperturerobotics/util v1.13.1/go.mod h1:d84OAQAGXCpl7JOBstnal91Lm6nKgk+vBgtHPgxBYrQ=
github.com/aperturerobotics/util v1.13.4 h1:86HCniLHzDqufj2+2p6mrfGSsP2CCl6srjKmKV46b5A=
github.com/aperturerobotics/util v1.13.4/go.mod h1:JdziNd9tR6lWqc9bSMIe1At8Gagrg986rmtZuPCv6+w=
github.com/aperturerobotics/util v1.13.6 h1:8FKBjj+vs23QZBiwkGod5WUY19Cisda48Rbg1zaqzZU=
github.com/aperturerobotics/util v1.13.6/go.mod h1:8AfpGb9RJqUItLBb5ec3sprpl9swYyHlgOw0HzkE+S8=
github.com/aperturerobotics/util v1.14.3 h1:tn8eET9vlFwnveFY+rt4VbbMertQW8dcd+V5fK7SyHo=
github.com/aperturerobotics/util v1.14.3/go.mod h1:1+G2THhT7VCmR7xeRlqDnyEtRFvONWoPft19xTHvbyk=
github.com/blang/semver v3.5.1+incompatible h1:cQNTCjp13qL8KC3Nbxr/y2Bqb63oX6wdnnjpJbkM4JQ=
github.com/blang/semver v3.5.1+incompatible/go.mod h1:kRBLl5iJ+tD4TcOOxsy/0fnwebNt5EWlYSAyrTnjyyk=
github.com/cenkalti/backoff v2.2.1+incompatible h1:tNowT99t7UNflLxfYYSlKYsBpXdEet03Pg2g16Swow4=
github.com/cenkalti/backoff v2.2.1+incompatible/go.mod h1:90ReRw6GdpyfrHakVjL/QHaoyV4aDUVVkXQJJJ3NXXM=
github.com/davecgh/go-spew v1.1.0/go.mod h1:J7Y8YcW2NihsgmVo/mv3lAwl/skON4iLHjSsI+c5H38=
github.com/davecgh/go-spew v1.1.1 h1:vj9j/u1bqnvCEfJOwUhtlOARqs3+rkHYY13jYWTU97c=
github.com/davecgh/go-spew v1.1.1/go.mod h1:J7Y8YcW2NihsgmVo/mv3lAwl/skON4iLHjSsI+c5H38=
github.com/google/go-cmp v0.5.9 h1:O2Tfq5qg4qc4AmwVlvv0oLiVAGB7enBSJ2x2DqQFi38=
github.com/google/go-cmp v0.5.9/go.mod h1:17dUlkBOakJ0+DkrSSNjCkIjxS6bF9zb3elmeNGIjoY=
github.com/pkg/errors v0.9.1 h1:FEBLx1zS214owpjy7qsBeixbURkuhQAwrK5UwLGTwt4=
github.com/pkg/errors v0.9.1/go.mod h1:bwawxfHBFNV+L2hUp1rHADufV3IMtnDRdf1r5NINEl0=
github.com/planetscale/vtprotobuf v0.6.0 h1:nBeETjudeJ5ZgBHUz1fVHvbqUKnYOXNhsIEabROxmNA=
github.com/planetscale/vtprotobuf v0.6.0/go.mod h1:t/avpk3KcrXxUnYOhZhMXJlSEyie6gQbtLq5NM3loB8=
github.com/pmezard/go-difflib v1.0.0 h1:4DBwDE0NGyQoBHbLQYPwSUPoCMWR5BEzIk/f1lZbAQM=
github.com/pmezard/go-difflib v1.0.0/go.mod h1:iKH77koFhYxTK1pcRnkKkqfTogsbg7gZNVY4sRDYZ/4=
github.com/stretchr/objx v0.1.0/go.mod h1:HFkY916IF+rwdDfMAkV7OtwuqBVzrE8GR6GFx+wExME=
github.com/stretchr/testify v1.7.0/go.mod h1:6Fq8oRcR53rry900zMqJjRRixrwX3KX962/h/Wwjteg=
github.com/stretchr/testify v1.8.4 h1:CcVxjf3Q8PM0mHUKJCdn+eZZtm5yQwehR5yeSVQQcUk=
github.com/stretchr/testify v1.8.4/go.mod h1:sz/lmYIOXD/1dqDmKjjqLyZ2RngseejIcXlSw2iwfAo=
golang.org/x/exp v0.0.0-20240222234643-814bf88cf225 h1:LfspQV/FYTatPTr/3HzIcmiUFH7PGP+OQ6mgDYo3yuQ=
golang.org/x/exp v0.0.0-20240222234643-814bf88cf225/go.mod h1:CxmFvTBINI24O/j8iY7H1xHzx2i4OsyguNBmN/uPtqc=
golang.org/x/sys v0.0.0-20220715151400-c0bba94af5f8/go.mod h1:oPkhp1MJrh7nUepCBck5+mAzfO9JrbApNNgaTdGDITg=
golang.org/x/sys v0.15.0 h1:h48lPFYpsTvQJZF4EKyI4aLHaev3CxivZmv7yZig9pc=
golang.org/x/sys v0.15.0/go.mod h1:/VUhepiaJMQUp4+oa/7Zr1D23ma6VTLIYjOOTFZPUcA=
golang.org/x/sys v0.16.0 h1:xWw16ngr6ZMtmxDyKyIgsE93KNKz5HKmMa3b8ALHidU=
golang.org/x/sys v0.16.0/go.mod h1:/VUhepiaJMQUp4+oa/7Zr1D23ma6VTLIYjOOTFZPUcA=
golang.org/x/sys v0.17.0 h1:25cE3gD+tdBA7lp7QfhuV+rJiE9YXTcS3VG1SqssI/Y=
golang.org/x/sys v0.17.0/go.mod h1:/VUhepiaJMQUp4+oa/7Zr1D23ma6VTLIYjOOTFZPUcA=
golang.org/x/sys v0.18.0 h1:DBdB3niSjOA/O0blCZBqDefyWNYveAYMNF1Wum0DYQ4=
golang.org/x/sys v0.18.0/go.mod h1:/VUhepiaJMQUp4+oa/7Zr1D23ma6VTLIYjOOTFZPUcA=
gopkg.in/check.v1 v0.0.0-20161208181325-20d25e280405/go.mod h1:Co6ibVJAznAaIkqp8huTwlJQCZ016jof/cbN4VW5Yz0=
gopkg.in/yaml.v3 v3.0.0-20200313102051-9f266ea9e77c/go.mod h1:K4uyk7z7BCEPqu6E+C64Yfv1cQ7kz7rIZviUmN+EgEM=
gopkg.in/yaml.v3 v3.0.1 h1:fxVm/GzAzEWqLHuvctI91KS9hhNmmWOoWu0XTYJS7CA=
gopkg.in/yaml.v3 v3.0.1/go.mod h1:K4uyk7z7BCEPqu6E+C64Yfv1cQ7kz7rIZviUmN+EgEM=
